
Microsoft Visual Studio Solution File, Format Version 12.00
# Visual Studio Version 16
VisualStudioVersion = 16.0.31321.278
MinimumVisualStudioVersion = 10.0.40219.1
Project("{FAE04EC0-301F-11D3-BF4B-00C04F79EFBC}") = "Chat", "Chat.csproj", "{AC8885DA-F608-4C20-A820-29CD7B258163}"
EndProject
Project("{FAE04EC0-301F-11D3-BF4B-00C04F79EFBC}") = "ChatHost", "..\ChatHost\ChatHost.csproj", "{B4529487-198C-420D-989A-60E029E84BD8}"
EndProject
Project("{FAE04EC0-301F-11D3-BF4B-00C04F79EFBC}") = "ChatClient", "..\ChatClient\ChatClient.csproj", "{84576036-A1D9-40C7-971B-ED2DD51B139D}"
EndProject
Global
	GlobalSection(SolutionConfigurationPlatforms) = preSolution
		Debug|Any CPU = Debug|Any CPU
		Release|Any CPU = Release|Any CPU
	EndGlobalSection
	GlobalSection(ProjectConfigurationPlatforms) = postSolution
		{AC8885DA-F608-4C20-A820-29CD7B258163}.Debug|Any CPU.ActiveCfg = Debug|Any CPU
		{AC8885DA-F608-4C20-A820-29CD7B258163}.Debug|Any CPU.Build.0 = Debug|Any CPU
		{AC8885DA-F608-4C20-A820-29CD7B258163}.Release|Any CPU.ActiveCfg = Release|Any CPU
		{AC8885DA-F608-4C20-A820-29CD7B258163}.Release|Any CPU.Build.0 = Release|Any CPU
		{B4529487-198C-420D-989A-60E029E84BD8}.Debug|Any CPU.ActiveCfg = Debug|Any CPU
		{B4529487-198C-420D-989A-60E029E84BD8}.Debug|Any CPU.Build.0 = Debug|Any CPU
		{B4529487-198C-420D-989A-60E029E84BD8}.Release|Any CPU.ActiveCfg = Release|Any CPU
		{B4529487-198C-420D-989A-60E029E84BD8}.Release|Any CPU.Build.0 = Release|Any CPU
		{84576036-A1D9-40C7-971B-ED2DD51B139D}.Debug|Any CPU.ActiveCfg = Debug|Any CPU
		{84576036-A1D9-40C7-971B-ED2DD51B139D}.Debug|Any CPU.Build.0 = Debug|Any CPU
		{84576036-A1D9-40C7-971B-ED2DD51B139D}.Release|Any CPU.ActiveCfg = Release|Any CPU
		{84576036-A1D9-40C7-971B-ED2DD51B139D}.Release|Any CPU.Build.0 = Release|Any CPU
	EndGlobalSection
	GlobalSection(SolutionProperties) = preSolution
		HideSolutionNode = FALSE
	EndGlobalSection
	GlobalSection(ExtensibilityGlobals) = postSolution
		SolutionGuid = {A11CB978-99A1-4D88-9936-5D0362D9EBCE}
	EndGlobalSection
EndGlobal
